
Microsoft Visual Studio Solution File, Format Version 12.00
# Visual Studio Version 17
VisualStudioVersion = 17.4.33110.190
MinimumVisualStudioVersion = 10.0.40219.1
Project("{9A19103F-16F7-4668-BE54-9A1E7A4F7556}") = "PostLand.Domain", "PostLand.Domain\PostLand.Domain.csproj", "{324B4A7E-3393-4EC5-ACD0-870F4451A0B2}"
EndProject
Project("{2150E333-8FDC-42A3-9474-1A3956D46DE8}") = "src", "src", "{1D88D2FB-9377-472F-9772-F2DF92A2AF83}"
EndProject
Project("{2150E333-8FDC-42A3-9474-1A3956D46DE8}") = "test", "test", "{C34623E7-70D6-41F7-AE04-8F3CCB7A5642}"
EndProject
Project("{2150E333-8FDC-42A3-9474-1A3956D46DE8}") = "Core", "Core", "{FF899DBE-8081-46A1-BFE5-275A08CEB309}"
EndProject
Project("{2150E333-8FDC-42A3-9474-1A3956D46DE8}") = "Infrastructure", "Infrastructure", "{7DEDE551-D870-4F04-B004-48301323F72E}"
EndProject
Project("{2150E333-8FDC-42A3-9474-1A3956D46DE8}") = "UI", "UI", "{999FEE90-F750-4FE4-B99E-6604D6CCE6F5}"
EndProject
Project("{2150E333-8FDC-42A3-9474-1A3956D46DE8}") = "Api", "Api", "{4289E0B3-C500-4B35-B327-B82B67F227E8}"
EndProject
Project("{9A19103F-16F7-4668-BE54-9A1E7A4F7556}") = "PostLand.Application", "PostLand.Application\PostLand.Application.csproj", "{75444A8A-6524-4798-880A-36D03ADCFCB3}"
EndProject
Project("{FAE04EC0-301F-11D3-BF4B-00C04F79EFBC}") = "PostLand.Persistance", "PostLand.Persistance\PostLand.Persistance.csproj", "{DC1D588D-2731-4577-8AA7-6307F66D8038}"
EndProject
Project("{FAE04EC0-301F-11D3-BF4B-00C04F79EFBC}") = "PostLand.Api", "PostLand.Api\PostLand.Api.csproj", "{527F7E4D-BA02-4AB0-8CDF-9DFF3C667F02}"
EndProject
Global
	GlobalSection(SolutionConfigurationPlatforms) = preSolution
		Debug|Any CPU = Debug|Any CPU
		Release|Any CPU = Release|Any CPU
	EndGlobalSection
	GlobalSection(ProjectConfigurationPlatforms) = postSolution
		{324B4A7E-3393-4EC5-ACD0-870F4451A0B2}.Debug|Any CPU.ActiveCfg = Debug|Any CPU
		{324B4A7E-3393-4EC5-ACD0-870F4451A0B2}.Debug|Any CPU.Build.0 = Debug|Any CPU
		{324B4A7E-3393-4EC5-ACD0-870F4451A0B2}.Release|Any CPU.ActiveCfg = Release|Any CPU
		{324B4A7E-3393-4EC5-ACD0-870F4451A0B2}.Release|Any CPU.Build.0 = Release|Any CPU
		{75444A8A-6524-4798-880A-36D03ADCFCB3}.Debug|Any CPU.ActiveCfg = Debug|Any CPU
		{75444A8A-6524-4798-880A-36D03ADCFCB3}.Debug|Any CPU.Build.0 = Debug|Any CPU
		{75444A8A-6524-4798-880A-36D03ADCFCB3}.Release|Any CPU.ActiveCfg = Release|Any CPU
		{75444A8A-6524-4798-880A-36D03ADCFCB3}.Release|Any CPU.Build.0 = Release|Any CPU
		{DC1D588D-2731-4577-8AA7-6307F66D8038}.Debug|Any CPU.ActiveCfg = Debug|Any CPU
		{DC1D588D-2731-4577-8AA7-6307F66D8038}.Debug|Any CPU.Build.0 = Debug|Any CPU
		{DC1D588D-2731-4577-8AA7-6307F66D8038}.Release|Any CPU.ActiveCfg = Release|Any CPU
		{DC1D588D-2731-4577-8AA7-6307F66D8038}.Release|Any CPU.Build.0 = Release|Any CPU
		{527F7E4D-BA02-4AB0-8CDF-9DFF3C667F02}.Debug|Any CPU.ActiveCfg = Debug|Any CPU
		{527F7E4D-BA02-4AB0-8CDF-9DFF3C667F02}.Debug|Any CPU.Build.0 = Debug|Any CPU
		{527F7E4D-BA02-4AB0-8CDF-9DFF3C667F02}.Release|Any CPU.ActiveCfg = Release|Any CPU
		{527F7E4D-BA02-4AB0-8CDF-9DFF3C667F02}.Release|Any CPU.Build.0 = Release|Any CPU
	EndGlobalSection
	GlobalSection(SolutionProperties) = preSolution
		HideSolutionNode = FALSE
	EndGlobalSection
	GlobalSection(NestedProjects) = preSolution
		{324B4A7E-3393-4EC5-ACD0-870F4451A0B2} = {FF899DBE-8081-46A1-BFE5-275A08CEB309}
		{FF899DBE-8081-46A1-BFE5-275A08CEB309} = {1D88D2FB-9377-472F-9772-F2DF92A2AF83}
		{7DEDE551-D870-4F04-B004-48301323F72E} = {1D88D2FB-9377-472F-9772-F2DF92A2AF83}
		{999FEE90-F750-4FE4-B99E-6604D6CCE6F5} = {1D88D2FB-9377-472F-9772-F2DF92A2AF83}
		{4289E0B3-C500-4B35-B327-B82B67F227E8} = {1D88D2FB-9377-472F-9772-F2DF92A2AF83}
		{75444A8A-6524-4798-880A-36D03ADCFCB3} = {FF899DBE-8081-46A1-BFE5-275A08CEB309}
		{DC1D588D-2731-4577-8AA7-6307F66D8038} = {7DEDE551-D870-4F04-B004-48301323F72E}
		{527F7E4D-BA02-4AB0-8CDF-9DFF3C667F02} = {4289E0B3-C500-4B35-B327-B82B67F227E8}
	EndGlobalSection
	GlobalSection(ExtensibilityGlobals) = postSolution
		SolutionGuid = {8413272C-F2E6-4104-BC40-9B39207645F0}
	EndGlobalSection
EndGlobal
